// !$*UTF8*$!
{
	archiveVersion = 1;
	classes = {
	};
	objectVersion = 50;
	objects = {

/* Begin PBXBuildFile section */
		871B0FB32350F60B0039ACCF /* AppDelegate.swift in Sources */ = {isa = PBXBuildFile; fileRef = 871B0FB22350F60B0039ACCF /* AppDelegate.swift */; };
		871B0FB52350F60B0039ACCF /* SceneDelegate.swift in Sources */ = {isa = PBXBuildFile; fileRef = 871B0FB42350F60B0039ACCF /* SceneDelegate.swift */; };
		871B0FB72350F60B0039ACCF /* MasterViewController.swift in Sources */ = {isa = PBXBuildFile; fileRef = 871B0FB62350F60B0039ACCF /* MasterViewController.swift */; };
		871B0FB92350F60B0039ACCF /* DetailViewController.swift in Sources */ = {isa = PBXBuildFile; fileRef = 871B0FB82350F60B0039ACCF /* DetailViewController.swift */; };
		871B0FBC2350F60B0039ACCF /* Main.storyboard in Resources */ = {isa = PBXBuildFile; fileRef = 871B0FBA2350F60B0039ACCF /* Main.storyboard */; };
		871B0FBE2350F60E0039ACCF /* Assets.xcassets in Resources */ = {isa = PBXBuildFile; fileRef = 871B0FBD2350F60E0039ACCF /* Assets.xcassets */; };
		871B0FC12350F60E0039ACCF /* LaunchScreen.storyboard in Resources */ = {isa = PBXBuildFile; fileRef = 871B0FBF2350F60E0039ACCF /* LaunchScreen.storyboard */; };
		871B0FC92351056B0039ACCF /* MoneyRun.swift in Sources */ = {isa = PBXBuildFile; fileRef = 871B0FC82351056B0039ACCF /* MoneyRun.swift */; };
		BE37C3B4236A1613001EA4CB /* ArbitrageBetting.xcdatamodeld in Sources */ = {isa = PBXBuildFile; fileRef = BE37C3B2236A1613001EA4CB /* ArbitrageBetting.xcdatamodeld */; };
		BE37C3CF236A1D7C001EA4CB /* OddsAPIObjects.swift in Sources */ = {isa = PBXBuildFile; fileRef = BE37C3CE236A1D7C001EA4CB /* OddsAPIObjects.swift */; };
		BE37C3D5236A1E96001EA4CB /* Event+CoreDataProperties.swift in Sources */ = {isa = PBXBuildFile; fileRef = BE37C3D1236A1E96001EA4CB /* Event+CoreDataProperties.swift */; };
		BE37C3D9236A2450001EA4CB /* ArbitrageNavigationController.swift in Sources */ = {isa = PBXBuildFile; fileRef = BE37C3D8236A2450001EA4CB /* ArbitrageNavigationController.swift */; };
		BE37C3DB236A2BBE001EA4CB /* OddsAPINetworkHandler.swift in Sources */ = {isa = PBXBuildFile; fileRef = BE37C3DA236A2BBE001EA4CB /* OddsAPINetworkHandler.swift */; };
		BE37C3E1236B75B6001EA4CB /* Odds+CoreDataProperties.swift in Sources */ = {isa = PBXBuildFile; fileRef = BE37C3DF236B75B6001EA4CB /* Odds+CoreDataProperties.swift */; };
		BE37C3F3236B7B32001EA4CB /* DrawOdds+CoreDataProperties.swift in Sources */ = {isa = PBXBuildFile; fileRef = BE37C3E9236B7B32001EA4CB /* DrawOdds+CoreDataProperties.swift */; };
		BE37C3F5236B7B32001EA4CB /* HomeOdds+CoreDataProperties.swift in Sources */ = {isa = PBXBuildFile; fileRef = BE37C3EB236B7B32001EA4CB /* HomeOdds+CoreDataProperties.swift */; };
		BE37C3F7236B7B32001EA4CB /* AwayOdds+CoreDataProperties.swift in Sources */ = {isa = PBXBuildFile; fileRef = BE37C3ED236B7B32001EA4CB /* AwayOdds+CoreDataProperties.swift */; };
		BE37C3FC236B7EE0001EA4CB /* CoreDataSyncronizer.swift in Sources */ = {isa = PBXBuildFile; fileRef = BE37C3FB236B7EE0001EA4CB /* CoreDataSyncronizer.swift */; };
		BE37C3FE236B7F07001EA4CB /* EventStore.swift in Sources */ = {isa = PBXBuildFile; fileRef = BE37C3FD236B7F07001EA4CB /* EventStore.swift */; };
		BE37C400236B7F2E001EA4CB /* BaseStore.swift in Sources */ = {isa = PBXBuildFile; fileRef = BE37C3FF236B7F2E001EA4CB /* BaseStore.swift */; };
		BE37C406236C10CE001EA4CB /* CoreDataStack.swift in Sources */ = {isa = PBXBuildFile; fileRef = BE37C405236C10CE001EA4CB /* CoreDataStack.swift */; };
		BED927012368D4F4000808B7 /* SettingViewController.swift in Sources */ = {isa = PBXBuildFile; fileRef = BED927002368D4F4000808B7 /* SettingViewController.swift */; };
/* End PBXBuildFile section */

/* Begin PBXFileReference section */
		871B0FAF2350F60B0039ACCF /* ArbitrageBetting.app */ = {isa = PBXFileReference; explicitFileType = wrapper.application; includeInIndex = 0; path = ArbitrageBetting.app; sourceTree = BUILT_PRODUCTS_DIR; };
		871B0FB22350F60B0039ACCF /* AppDelegate.swift */ = {isa = PBXFileReference; lastKnownFileType = sourcecode.swift; path = AppDelegate.swift; sourceTree = "<group>"; };
		871B0FB42350F60B0039ACCF /* SceneDelegate.swift */ = {isa = PBXFileReference; lastKnownFileType = sourcecode.swift; path = SceneDelegate.swift; sourceTree = "<group>"; };
		871B0FB62350F60B0039ACCF /* MasterViewController.swift */ = {isa = PBXFileReference; lastKnownFileType = sourcecode.swift; path = MasterViewController.swift; sourceTree = "<group>"; };
		871B0FB82350F60B0039ACCF /* DetailViewController.swift */ = {isa = PBXFileReference; lastKnownFileType = sourcecode.swift; path = DetailViewController.swift; sourceTree = "<group>"; };
		871B0FBB2350F60B0039ACCF /* Base */ = {isa = PBXFileReference; lastKnownFileType = file.storyboard; name = Base; path = Base.lproj/Main.storyboard; sourceTree = "<group>"; };
		871B0FBD2350F60E0039ACCF /* Assets.xcassets */ = {isa = PBXFileReference; lastKnownFileType = folder.assetcatalog; path = Assets.xcassets; sourceTree = "<group>"; };
		871B0FC02350F60E0039ACCF /* Base */ = {isa = PBXFileReference; lastKnownFileType = file.storyboard; name = Base; path = Base.lproj/LaunchScreen.storyboard; sourceTree = "<group>"; };
		871B0FC22350F60E0039ACCF /* Info.plist */ = {isa = PBXFileReference; lastKnownFileType = text.plist.xml; path = Info.plist; sourceTree = "<group>"; };
		871B0FC82351056B0039ACCF /* MoneyRun.swift */ = {isa = PBXFileReference; lastKnownFileType = sourcecode.swift; path = MoneyRun.swift; sourceTree = "<group>"; };
		BE37C3B3236A1613001EA4CB /* CoreData.xcdatamodel */ = {isa = PBXFileReference; lastKnownFileType = wrapper.xcdatamodel; path = CoreData.xcdatamodel; sourceTree = "<group>"; };
		BE37C3CE236A1D7C001EA4CB /* OddsAPIObjects.swift */ = {isa = PBXFileReference; lastKnownFileType = sourcecode.swift; path = OddsAPIObjects.swift; sourceTree = "<group>"; };
		BE37C3D1236A1E96001EA4CB /* Event+CoreDataProperties.swift */ = {isa = PBXFileReference; lastKnownFileType = sourcecode.swift; path = "Event+CoreDataProperties.swift"; sourceTree = "<group>"; };
		BE37C3D8236A2450001EA4CB /* ArbitrageNavigationController.swift */ = {isa = PBXFileReference; lastKnownFileType = sourcecode.swift; path = ArbitrageNavigationController.swift; sourceTree = "<group>"; };
		BE37C3DA236A2BBE001EA4CB /* OddsAPINetworkHandler.swift */ = {isa = PBXFileReference; lastKnownFileType = sourcecode.swift; path = OddsAPINetworkHandler.swift; sourceTree = "<group>"; };
		BE37C3DF236B75B6001EA4CB /* Odds+CoreDataProperties.swift */ = {isa = PBXFileReference; lastKnownFileType = sourcecode.swift; path = "Odds+CoreDataProperties.swift"; sourceTree = "<group>"; };
		BE37C3E9236B7B32001EA4CB /* DrawOdds+CoreDataProperties.swift */ = {isa = PBXFileReference; lastKnownFileType = sourcecode.swift; path = "DrawOdds+CoreDataProperties.swift"; sourceTree = "<group>"; };
		BE37C3EB236B7B32001EA4CB /* HomeOdds+CoreDataProperties.swift */ = {isa = PBXFileReference; lastKnownFileType = sourcecode.swift; path = "HomeOdds+CoreDataProperties.swift"; sourceTree = "<group>"; };
		BE37C3ED236B7B32001EA4CB /* AwayOdds+CoreDataProperties.swift */ = {isa = PBXFileReference; lastKnownFileType = sourcecode.swift; path = "AwayOdds+CoreDataProperties.swift"; sourceTree = "<group>"; };
		BE37C3FB236B7EE0001EA4CB /* CoreDataSyncronizer.swift */ = {isa = PBXFileReference; lastKnownFileType = sourcecode.swift; path = CoreDataSyncronizer.swift; sourceTree = "<group>"; };
		BE37C3FD236B7F07001EA4CB /* EventStore.swift */ = {isa = PBXFileReference; lastKnownFileType = sourcecode.swift; path = EventStore.swift; sourceTree = "<group>"; };
		BE37C3FF236B7F2E001EA4CB /* BaseStore.swift */ = {isa = PBXFileReference; lastKnownFileType = sourcecode.swift; path = BaseStore.swift; sourceTree = "<group>"; };
		BE37C405236C10CE001EA4CB /* CoreDataStack.swift */ = {isa = PBXFileReference; lastKnownFileType = sourcecode.swift; path = CoreDataStack.swift; sourceTree = "<group>"; };
		BED927002368D4F4000808B7 /* SettingViewController.swift */ = {isa = PBXFileReference; lastKnownFileType = sourcecode.swift; path = SettingViewController.swift; sourceTree = "<group>"; };
/* End PBXFileReference section */

/* Begin PBXFrameworksBuildPhase section */
		871B0FAC2350F60B0039ACCF /* Frameworks */ = {
			isa = PBXFrameworksBuildPhase;
			buildActionMask = 2147483647;
			files = (
			);
			runOnlyForDeploymentPostprocessing = 0;
		};
/* End PBXFrameworksBuildPhase section */

/* Begin PBXGroup section */
		871B0FA62350F60B0039ACCF = {
			isa = PBXGroup;
			children = (
				871B0FB12350F60B0039ACCF /* ArbitrageBetting */,
				871B0FB02350F60B0039ACCF /* Products */,
			);
			sourceTree = "<group>";
		};
		871B0FB02350F60B0039ACCF /* Products */ = {
			isa = PBXGroup;
			children = (
				871B0FAF2350F60B0039ACCF /* ArbitrageBetting.app */,
			);
			name = Products;
			sourceTree = "<group>";
		};
		871B0FB12350F60B0039ACCF /* ArbitrageBetting */ = {
			isa = PBXGroup;
			children = (
				BE37C3FA236B7EC1001EA4CB /* CoreDataStack */,
				871B0FB22350F60B0039ACCF /* AppDelegate.swift */,
				871B0FB42350F60B0039ACCF /* SceneDelegate.swift */,
				871B0FB62350F60B0039ACCF /* MasterViewController.swift */,
				BE37C3D8236A2450001EA4CB /* ArbitrageNavigationController.swift */,
				BE37C3CD236A1CC0001EA4CB /* OddsAPI */,
				871B0FB82350F60B0039ACCF /* DetailViewController.swift */,
				BED927002368D4F4000808B7 /* SettingViewController.swift */,
				871B0FBA2350F60B0039ACCF /* Main.storyboard */,
				871B0FBD2350F60E0039ACCF /* Assets.xcassets */,
				871B0FBF2350F60E0039ACCF /* LaunchScreen.storyboard */,
				871B0FC22350F60E0039ACCF /* Info.plist */,
				BE37C3B2236A1613001EA4CB /* ArbitrageBetting.xcdatamodeld */,
			);
			path = ArbitrageBetting;
			sourceTree = "<group>";
		};
		BE37C3CD236A1CC0001EA4CB /* OddsAPI */ = {
			isa = PBXGroup;
			children = (
				871B0FC82351056B0039ACCF /* MoneyRun.swift */,
				BE37C3CE236A1D7C001EA4CB /* OddsAPIObjects.swift */,
				BE37C3DA236A2BBE001EA4CB /* OddsAPINetworkHandler.swift */,
			);
			path = OddsAPI;
			sourceTree = "<group>";
		};
		BE37C3FA236B7EC1001EA4CB /* CoreDataStack */ = {
			isa = PBXGroup;
			children = (
				BE37C402236B7F65001EA4CB /* ManagedObjects */,
				BE37C401236B7F4B001EA4CB /* Stores */,
				BE37C3FB236B7EE0001EA4CB /* CoreDataSyncronizer.swift */,
				BE37C405236C10CE001EA4CB /* CoreDataStack.swift */,
			);
			path = CoreDataStack;
			sourceTree = "<group>";
		};
		BE37C401236B7F4B001EA4CB /* Stores */ = {
			isa = PBXGroup;
			children = (
				BE37C3FD236B7F07001EA4CB /* EventStore.swift */,
				BE37C3FF236B7F2E001EA4CB /* BaseStore.swift */,
			);
			path = Stores;
			sourceTree = "<group>";
		};
		BE37C402236B7F65001EA4CB /* ManagedObjects */ = {
			isa = PBXGroup;
			children = (
				BE37C3E9236B7B32001EA4CB /* DrawOdds+CoreDataProperties.swift */,
				BE37C3EB236B7B32001EA4CB /* HomeOdds+CoreDataProperties.swift */,
				BE37C3ED236B7B32001EA4CB /* AwayOdds+CoreDataProperties.swift */,
				BE37C3DF236B75B6001EA4CB /* Odds+CoreDataProperties.swift */,
				BE37C3D1236A1E96001EA4CB /* Event+CoreDataProperties.swift */,
			);
			path = ManagedObjects;
			sourceTree = "<group>";
		};
/* End PBXGroup section */

/* Begin PBXNativeTarget section */
		871B0FAE2350F60B0039ACCF /* ArbitrageBetting */ = {
			isa = PBXNativeTarget;
			buildConfigurationList = 871B0FC52350F60E0039ACCF /* Build configuration list for PBXNativeTarget "ArbitrageBetting" */;
			buildPhases = (
				871B0FAB2350F60B0039ACCF /* Sources */,
				871B0FAC2350F60B0039ACCF /* Frameworks */,
				871B0FAD2350F60B0039ACCF /* Resources */,
			);
			buildRules = (
			);
			dependencies = (
			);
			name = ArbitrageBetting;
			productName = ArbitrageBetting;
			productReference = 871B0FAF2350F60B0039ACCF /* ArbitrageBetting.app */;
			productType = "com.apple.product-type.application";
		};
/* End PBXNativeTarget section */

/* Begin PBXProject section */
		871B0FA72350F60B0039ACCF /* Project object */ = {
			isa = PBXProject;
			attributes = {
				LastSwiftUpdateCheck = 1100;
				LastUpgradeCheck = 1100;
				ORGANIZATIONNAME = "Balogh István";
				TargetAttributes = {
					871B0FAE2350F60B0039ACCF = {
						CreatedOnToolsVersion = 11.0;
					};
				};
			};
			buildConfigurationList = 871B0FAA2350F60B0039ACCF /* Build configuration list for PBXProject "ArbitrageBetting" */;
			compatibilityVersion = "Xcode 9.3";
			developmentRegion = en;
			hasScannedForEncodings = 0;
			knownRegions = (
				en,
				Base,
			);
			mainGroup = 871B0FA62350F60B0039ACCF;
			productRefGroup = 871B0FB02350F60B0039ACCF /* Products */;
			projectDirPath = "";
			projectRoot = "";
			targets = (
				871B0FAE2350F60B0039ACCF /* ArbitrageBetting */,
			);
		};
/* End PBXProject section */

/* Begin PBXResourcesBuildPhase section */
		871B0FAD2350F60B0039ACCF /* Resources */ = {
			isa = PBXResourcesBuildPhase;
			buildActionMask = 2147483647;
			files = (
				871B0FC12350F60E0039ACCF /* LaunchScreen.storyboard in Resources */,
				871B0FBE2350F60E0039ACCF /* Assets.xcassets in Resources */,
				871B0FBC2350F60B0039ACCF /* Main.storyboard in Resources */,
			);
			runOnlyForDeploymentPostprocessing = 0;
		};
/* End PBXResourcesBuildPhase section */

/* Begin PBXSourcesBuildPhase section */
		871B0FAB2350F60B0039ACCF /* Sources */ = {
			isa = PBXSourcesBuildPhase;
			buildActionMask = 2147483647;
			files = (
				BE37C3D5236A1E96001EA4CB /* Event+CoreDataProperties.swift in Sources */,
				871B0FB32350F60B0039ACCF /* AppDelegate.swift in Sources */,
				BE37C3DB236A2BBE001EA4CB /* OddsAPINetworkHandler.swift in Sources */,
				BE37C3E1236B75B6001EA4CB /* Odds+CoreDataProperties.swift in Sources */,
				871B0FB52350F60B0039ACCF /* SceneDelegate.swift in Sources */,
				871B0FB72350F60B0039ACCF /* MasterViewController.swift in Sources */,
				BE37C3F5236B7B32001EA4CB /* HomeOdds+CoreDataProperties.swift in Sources */,
				871B0FB92350F60B0039ACCF /* DetailViewController.swift in Sources */,
				BE37C406236C10CE001EA4CB /* CoreDataStack.swift in Sources */,
				BE37C400236B7F2E001EA4CB /* BaseStore.swift in Sources */,
				871B0FC92351056B0039ACCF /* MoneyRun.swift in Sources */,
				BE37C3F7236B7B32001EA4CB /* AwayOdds+CoreDataProperties.swift in Sources */,
				BE37C3CF236A1D7C001EA4CB /* OddsAPIObjects.swift in Sources */,
				BED927012368D4F4000808B7 /* SettingViewController.swift in Sources */,
				BE37C3F3236B7B32001EA4CB /* DrawOdds+CoreDataProperties.swift in Sources */,
				BE37C3FC236B7EE0001EA4CB /* CoreDataSyncronizer.swift in Sources */,
				BE37C3FE236B7F07001EA4CB /* EventStore.swift in Sources */,
				BE37C3B4236A1613001EA4CB /* ArbitrageBetting.xcdatamodeld in Sources */,
				BE37C3D9236A2450001EA4CB /* ArbitrageNavigationController.swift in Sources */,
			);
			runOnlyForDeploymentPostprocessing = 0;
		};
/* End PBXSourcesBuildPhase section */

/* Begin PBXVariantGroup section */
		871B0FBA2350F60B0039ACCF /* Main.storyboard */ = {
			isa = PBXVariantGroup;
			children = (
				871B0FBB2350F60B0039ACCF /* Base */,
			);
			name = Main.storyboard;
			sourceTree = "<group>";
		};
		871B0FBF2350F60E0039ACCF /* LaunchScreen.storyboard */ = {
			isa = PBXVariantGroup;
			children = (
				871B0FC02350F60E0039ACCF /* Base */,
			);
			name = LaunchScreen.storyboard;
			sourceTree = "<group>";
		};
/* End PBXVariantGroup section */

/* Begin XCBuildConfiguration section */
		871B0FC32350F60E0039ACCF /* Debug */ = {
			isa = XCBuildConfiguration;
			buildSettings = {
				ALWAYS_SEARCH_USER_PATHS = NO;
				CLANG_ANALYZER_NONNULL = YES;
				CLANG_ANALYZER_NUMBER_OBJECT_CONVERSION = YES_AGGRESSIVE;
				CLANG_CXX_LANGUAGE_STANDARD = "gnu++14";
				CLANG_CXX_LIBRARY = "libc++";
				CLANG_ENABLE_MODULES = YES;
				CLANG_ENABLE_OBJC_ARC = YES;
				CLANG_ENABLE_OBJC_WEAK = YES;
				CLANG_WARN_BLOCK_CAPTURE_AUTORELEASING = YES;
				CLANG_WARN_BOOL_CONVERSION = YES;
				CLANG_WARN_COMMA = YES;
				CLANG_WARN_CONSTANT_CONVERSION = YES;
				CLANG_WARN_DEPRECATED_OBJC_IMPLEMENTATIONS = YES;
				CLANG_WARN_DIRECT_OBJC_ISA_USAGE = YES_ERROR;
				CLANG_WARN_DOCUMENTATION_COMMENTS = YES;
				CLANG_WARN_EMPTY_BODY = YES;
				CLANG_WARN_ENUM_CONVERSION = YES;
				CLANG_WARN_INFINITE_RECURSION = YES;
				CLANG_WARN_INT_CONVERSION = YES;
				CLANG_WARN_NON_LITERAL_NULL_CONVERSION = YES;
				CLANG_WARN_OBJC_IMPLICIT_RETAIN_SELF = YES;
				CLANG_WARN_OBJC_LITERAL_CONVERSION = YES;
				CLANG_WARN_OBJC_ROOT_CLASS = YES_ERROR;
				CLANG_WARN_RANGE_LOOP_ANALYSIS = YES;
				CLANG_WARN_STRICT_PROTOTYPES = YES;
				CLANG_WARN_SUSPICIOUS_MOVE = YES;
				CLANG_WARN_UNGUARDED_AVAILABILITY = YES_AGGRESSIVE;
				CLANG_WARN_UNREACHABLE_CODE = YES;
				CLANG_WARN__DUPLICATE_METHOD_MATCH = YES;
				COPY_PHASE_STRIP = NO;
				DEBUG_INFORMATION_FORMAT = dwarf;
				ENABLE_STRICT_OBJC_MSGSEND = YES;
				ENABLE_TESTABILITY = YES;
				GCC_C_LANGUAGE_STANDARD = gnu11;
				GCC_DYNAMIC_NO_PIC = NO;
				GCC_NO_COMMON_BLOCKS = YES;
				GCC_OPTIMIZATION_LEVEL = 0;
				GCC_PREPROCESSOR_DEFINITIONS = (
					"DEBUG=1",
					"$(inherited)",
				);
				GCC_WARN_64_TO_32_BIT_CONVERSION = YES;
				GCC_WARN_ABOUT_RETURN_TYPE = YES_ERROR;
				GCC_WARN_UNDECLARED_SELECTOR = YES;
				GCC_WARN_UNINITIALIZED_AUTOS = YES_AGGRESSIVE;
				GCC_WARN_UNUSED_FUNCTION = YES;
				GCC_WARN_UNUSED_VARIABLE = YES;
				IPHONEOS_DEPLOYMENT_TARGET = 13.0;
				MTL_ENABLE_DEBUG_INFO = INCLUDE_SOURCE;
				MTL_FAST_MATH = YES;
				ONLY_ACTIVE_ARCH = YES;
				SDKROOT = iphoneos;
				SWIFT_ACTIVE_COMPILATION_CONDITIONS = DEBUG;
				SWIFT_OPTIMIZATION_LEVEL = "-Onone";
			};
			name = Debug;
		};
		871B0FC42350F60E0039ACCF /* Release */ = {
			isa = XCBuildConfiguration;
			buildSettings = {
				ALWAYS_SEARCH_USER_PATHS = NO;
				CLANG_ANALYZER_NONNULL = YES;
				CLANG_ANALYZER_NUMBER_OBJECT_CONVERSION = YES_AGGRESSIVE;
				CLANG_CXX_LANGUAGE_STANDARD = "gnu++14";
				CLANG_CXX_LIBRARY = "libc++";
				CLANG_ENABLE_MODULES = YES;
				CLANG_ENABLE_OBJC_ARC = YES;
				CLANG_ENABLE_OBJC_WEAK = YES;
				CLANG_WARN_BLOCK_CAPTURE_AUTORELEASING = YES;
				CLANG_WARN_BOOL_CONVERSION = YES;
				CLANG_WARN_COMMA = YES;
				CLANG_WARN_CONSTANT_CONVERSION = YES;
				CLANG_WARN_DEPRECATED_OBJC_IMPLEMENTATIONS = YES;
				CLANG_WARN_DIRECT_OBJC_ISA_USAGE = YES_ERROR;
				CLANG_WARN_DOCUMENTATION_COMMENTS = YES;
				CLANG_WARN_EMPTY_BODY = YES;
				CLANG_WARN_ENUM_CONVERSION = YES;
				CLANG_WARN_INFINITE_RECURSION = YES;
				CLANG_WARN_INT_CONVERSION = YES;
				CLANG_WARN_NON_LITERAL_NULL_CONVERSION = YES;
				CLANG_WARN_OBJC_IMPLICIT_RETAIN_SELF = YES;
				CLANG_WARN_OBJC_LITERAL_CONVERSION = YES;
				CLANG_WARN_OBJC_ROOT_CLASS = YES_ERROR;
				CLANG_WARN_RANGE_LOOP_ANALYSIS = YES;
				CLANG_WARN_STRICT_PROTOTYPES = YES;
				CLANG_WARN_SUSPICIOUS_MOVE = YES;
				CLANG_WARN_UNGUARDED_AVAILABILITY = YES_AGGRESSIVE;
				CLANG_WARN_UNREACHABLE_CODE = YES;
				CLANG_WARN__DUPLICATE_METHOD_MATCH = YES;
				COPY_PHASE_STRIP = NO;
				DEBUG_INFORMATION_FORMAT = "dwarf-with-dsym";
				ENABLE_NS_ASSERTIONS = NO;
				ENABLE_STRICT_OBJC_MSGSEND = YES;
				GCC_C_LANGUAGE_STANDARD = gnu11;
				GCC_NO_COMMON_BLOCKS = YES;
				GCC_WARN_64_TO_32_BIT_CONVERSION = YES;
				GCC_WARN_ABOUT_RETURN_TYPE = YES_ERROR;
				GCC_WARN_UNDECLARED_SELECTOR = YES;
				GCC_WARN_UNINITIALIZED_AUTOS = YES_AGGRESSIVE;
				GCC_WARN_UNUSED_FUNCTION = YES;
				GCC_WARN_UNUSED_VARIABLE = YES;
				IPHONEOS_DEPLOYMENT_TARGET = 13.0;
				MTL_ENABLE_DEBUG_INFO = NO;
				MTL_FAST_MATH = YES;
				SDKROOT = iphoneos;
				SWIFT_COMPILATION_MODE = wholemodule;
				SWIFT_OPTIMIZATION_LEVEL = "-O";
				VALIDATE_PRODUCT = YES;
			};
			name = Release;
		};
		871B0FC62350F60E0039ACCF /* Debug */ = {
			isa = XCBuildConfiguration;
			buildSettings = {
				ASSETCATALOG_COMPILER_APPICON_NAME = AppIcon;
				CODE_SIGN_STYLE = Automatic;
				DEVELOPMENT_TEAM = 943X8ZW8WL;
				INFOPLIST_FILE = ArbitrageBetting/Info.plist;
				LD_RUNPATH_SEARCH_PATHS = (
					"$(inherited)",
					"@executable_path/Frameworks",
				);
				PRODUCT_BUNDLE_IDENTIFIER = com.balogh.ArbitrageBetting;
				PRODUCT_NAME = "$(TARGET_NAME)";
				SWIFT_VERSION = 5.0;
				TARGETED_DEVICE_FAMILY = "1,2";
			};
			name = Debug;
		};
		871B0FC72350F60E0039ACCF /* Release */ = {
			isa = XCBuildConfiguration;
			buildSettings = {
				ASSETCATALOG_COMPILER_APPICON_NAME = AppIcon;
				CODE_SIGN_STYLE = Automatic;
				DEVELOPMENT_TEAM = 943X8ZW8WL;
				INFOPLIST_FILE = ArbitrageBetting/Info.plist;
				LD_RUNPATH_SEARCH_PATHS = (
					"$(inherited)",
					"@executable_path/Frameworks",
				);
				PRODUCT_BUNDLE_IDENTIFIER = com.balogh.ArbitrageBetting;
				PRODUCT_NAME = "$(TARGET_NAME)";
				SWIFT_VERSION = 5.0;
				TARGETED_DEVICE_FAMILY = "1,2";
			};
			name = Release;
		};
/* End XCBuildConfiguration section */

/* Begin XCConfigurationList section */
		871B0FAA2350F60B0039ACCF /* Build configuration list for PBXProject "ArbitrageBetting" */ = {
			isa = XCConfigurationList;
			buildConfigurations = (
				871B0FC32350F60E0039ACCF /* Debug */,
				871B0FC42350F60E0039ACCF /* Release */,
			);
			defaultConfigurationIsVisible = 0;
			defaultConfigurationName = Release;
		};
		871B0FC52350F60E0039ACCF /* Build configuration list for PBXNativeTarget "ArbitrageBetting" */ = {
			isa = XCConfigurationList;
			buildConfigurations = (
				871B0FC62350F60E0039ACCF /* Debug */,
				871B0FC72350F60E0039ACCF /* Release */,
			);
			defaultConfigurationIsVisible = 0;
			defaultConfigurationName = Release;
		};
/* End XCConfigurationList section */

/* Begin XCVersionGroup section */
		BE37C3B2236A1613001EA4CB /* ArbitrageBetting.xcdatamodeld */ = {
			isa = XCVersionGroup;
			children = (
				BE37C3B3236A1613001EA4CB /* CoreData.xcdatamodel */,
			);
			currentVersion = BE37C3B3236A1613001EA4CB /* CoreData.xcdatamodel */;
			path = ArbitrageBetting.xcdatamodeld;
			sourceTree = "<group>";
			versionGroupType = wrapper.xcdatamodel;
		};
/* End XCVersionGroup section */
	};
	rootObject = 871B0FA72350F60B0039ACCF /* Project object */;
}
